
Microsoft Visual Studio Solution File, Format Version 12.00
# Visual Studio Version 17
VisualStudioVersion = 17.12.35707.178
MinimumVisualStudioVersion = 10.0.40219.1
Project("{2150E333-8FDC-42A3-9474-1A3956D46DE8}") = "Services", "Services", "{3C3749AB-8270-4BD9-8E8D-B22589D7B473}"
EndProject
Project("{2150E333-8FDC-42A3-9474-1A3956D46DE8}") = "Catalog", "Catalog", "{B0D7D1F8-5830-4E60-9C65-7DBCC95E6D40}"
EndProject
Project("{FAE04EC0-301F-11D3-BF4B-00C04F79EFBC}") = "Catalog.API", "Services\Catalog\Catalog.API\Catalog.API.csproj", "{1986804A-B56D-457D-9D3B-23D9FD54A0D2}"
EndProject
Project("{2150E333-8FDC-42A3-9474-1A3956D46DE8}") = "BuildingBlocks", "BuildingBlocks", "{18662BB9-2740-4AF6-81C4-E5DA982515D8}"
EndProject
Project("{FAE04EC0-301F-11D3-BF4B-00C04F79EFBC}") = "BuildBlocks", "BuildBlocks\BuildBlocks\BuildBlocks.csproj", "{AFC7C040-9C20-4601-B9BA-8CA795B3B96E}"
EndProject
Project("{E53339B2-1760-4266-BCC7-CA923CBCF16C}") = "docker-compose", "docker-compose.dcproj", "{289241D3-A75B-4B04-A391-B4329321048D}"
EndProject
Project("{2150E333-8FDC-42A3-9474-1A3956D46DE8}") = "Basket", "Basket", "{80B12AC2-AE51-4B3D-9B54-5FA10CCCE24D}"
EndProject
Project("{FAE04EC0-301F-11D3-BF4B-00C04F79EFBC}") = "Basket.API", "Services\Basket\Basket.API\Basket.API.csproj", "{0D9EE90F-3AD2-4106-9514-40DA96489397}"
EndProject
Project("{2150E333-8FDC-42A3-9474-1A3956D46DE8}") = "Discount", "Discount", "{80EB3659-3BE0-4231-8E6F-CE1E0C920ECE}"
EndProject
Project("{FAE04EC0-301F-11D3-BF4B-00C04F79EFBC}") = "Discount.Grpc", "Services\Discount\Discount.Grpc\Discount.Grpc.csproj", "{6F3CE97B-A766-4C83-ACE4-61CD8A19FD9E}"
EndProject
Project("{2150E333-8FDC-42A3-9474-1A3956D46DE8}") = "Ordering", "Ordering", "{294D135B-1649-4B51-A42D-02C7C885F000}"
EndProject
Project("{FAE04EC0-301F-11D3-BF4B-00C04F79EFBC}") = "Ordering.API", "Services\Ordering\Ordering.API\Ordering.API.csproj", "{583FC087-FF5C-4B83-84D8-2F4403309311}"
EndProject
Project("{FAE04EC0-301F-11D3-BF4B-00C04F79EFBC}") = "Ordering.Domain", "Services\Ordering\Ordering.Domain\Ordering.Domain.csproj", "{3E4855F8-61E1-4787-A203-F70BA880F4E6}"
EndProject
Project("{FAE04EC0-301F-11D3-BF4B-00C04F79EFBC}") = "Ordering.Application", "Services\Ordering\Ordering.Application\Ordering.Application.csproj", "{5C51671B-3691-436A-97C9-D93AE6DD0841}"
EndProject
Project("{FAE04EC0-301F-11D3-BF4B-00C04F79EFBC}") = "Ordering.Infrastructure", "Services\Ordering\Ordering.Infrastructure\Ordering.Infrastructure.csproj", "{626E4D73-642F-4780-8216-BC4F9291D09E}"
EndProject
Global
	GlobalSection(SolutionConfigurationPlatforms) = preSolution
		Debug|Any CPU = Debug|Any CPU
		Release|Any CPU = Release|Any CPU
	EndGlobalSection
	GlobalSection(ProjectConfigurationPlatforms) = postSolution
		{1986804A-B56D-457D-9D3B-23D9FD54A0D2}.Debug|Any CPU.ActiveCfg = Debug|Any CPU
		{1986804A-B56D-457D-9D3B-23D9FD54A0D2}.Debug|Any CPU.Build.0 = Debug|Any CPU
		{1986804A-B56D-457D-9D3B-23D9FD54A0D2}.Release|Any CPU.ActiveCfg = Release|Any CPU
		{1986804A-B56D-457D-9D3B-23D9FD54A0D2}.Release|Any CPU.Build.0 = Release|Any CPU
		{AFC7C040-9C20-4601-B9BA-8CA795B3B96E}.Debug|Any CPU.ActiveCfg = Debug|Any CPU
		{AFC7C040-9C20-4601-B9BA-8CA795B3B96E}.Debug|Any CPU.Build.0 = Debug|Any CPU
		{AFC7C040-9C20-4601-B9BA-8CA795B3B96E}.Release|Any CPU.ActiveCfg = Release|Any CPU
		{AFC7C040-9C20-4601-B9BA-8CA795B3B96E}.Release|Any CPU.Build.0 = Release|Any CPU
		{289241D3-A75B-4B04-A391-B4329321048D}.Debug|Any CPU.ActiveCfg = Debug|Any CPU
		{289241D3-A75B-4B04-A391-B4329321048D}.Debug|Any CPU.Build.0 = Debug|Any CPU
		{289241D3-A75B-4B04-A391-B4329321048D}.Release|Any CPU.ActiveCfg = Release|Any CPU
		{289241D3-A75B-4B04-A391-B4329321048D}.Release|Any CPU.Build.0 = Release|Any CPU
		{0D9EE90F-3AD2-4106-9514-40DA96489397}.Debug|Any CPU.ActiveCfg = Debug|Any CPU
		{0D9EE90F-3AD2-4106-9514-40DA96489397}.Debug|Any CPU.Build.0 = Debug|Any CPU
		{0D9EE90F-3AD2-4106-9514-40DA96489397}.Release|Any CPU.ActiveCfg = Release|Any CPU
		{0D9EE90F-3AD2-4106-9514-40DA96489397}.Release|Any CPU.Build.0 = Release|Any CPU
		{6F3CE97B-A766-4C83-ACE4-61CD8A19FD9E}.Debug|Any CPU.ActiveCfg = Debug|Any CPU
		{6F3CE97B-A766-4C83-ACE4-61CD8A19FD9E}.Debug|Any CPU.Build.0 = Debug|Any CPU
		{6F3CE97B-A766-4C83-ACE4-61CD8A19FD9E}.Release|Any CPU.ActiveCfg = Release|Any CPU
		{6F3CE97B-A766-4C83-ACE4-61CD8A19FD9E}.Release|Any CPU.Build.0 = Release|Any CPU
		{583FC087-FF5C-4B83-84D8-2F4403309311}.Debug|Any CPU.ActiveCfg = Debug|Any CPU
		{583FC087-FF5C-4B83-84D8-2F4403309311}.Debug|Any CPU.Build.0 = Debug|Any CPU
		{583FC087-FF5C-4B83-84D8-2F4403309311}.Release|Any CPU.ActiveCfg = Release|Any CPU
		{583FC087-FF5C-4B83-84D8-2F4403309311}.Release|Any CPU.Build.0 = Release|Any CPU
		{3E4855F8-61E1-4787-A203-F70BA880F4E6}.Debug|Any CPU.ActiveCfg = Debug|Any CPU
		{3E4855F8-61E1-4787-A203-F70BA880F4E6}.Debug|Any CPU.Build.0 = Debug|Any CPU
		{3E4855F8-61E1-4787-A203-F70BA880F4E6}.Release|Any CPU.ActiveCfg = Release|Any CPU
		{3E4855F8-61E1-4787-A203-F70BA880F4E6}.Release|Any CPU.Build.0 = Release|Any CPU
		{5C51671B-3691-436A-97C9-D93AE6DD0841}.Debug|Any CPU.ActiveCfg = Debug|Any CPU
		{5C51671B-3691-436A-97C9-D93AE6DD0841}.Debug|Any CPU.Build.0 = Debug|Any CPU
		{5C51671B-3691-436A-97C9-D93AE6DD0841}.Release|Any CPU.ActiveCfg = Release|Any CPU
		{5C51671B-3691-436A-97C9-D93AE6DD0841}.Release|Any CPU.Build.0 = Release|Any CPU
		{626E4D73-642F-4780-8216-BC4F9291D09E}.Debug|Any CPU.ActiveCfg = Debug|Any CPU
		{626E4D73-642F-4780-8216-BC4F9291D09E}.Debug|Any CPU.Build.0 = Debug|Any CPU
		{626E4D73-642F-4780-8216-BC4F9291D09E}.Release|Any CPU.ActiveCfg = Release|Any CPU
		{626E4D73-642F-4780-8216-BC4F9291D09E}.Release|Any CPU.Build.0 = Release|Any CPU
	EndGlobalSection
	GlobalSection(SolutionProperties) = preSolution
		HideSolutionNode = FALSE
	EndGlobalSection
	GlobalSection(NestedProjects) = preSolution
		{B0D7D1F8-5830-4E60-9C65-7DBCC95E6D40} = {3C3749AB-8270-4BD9-8E8D-B22589D7B473}
		{1986804A-B56D-457D-9D3B-23D9FD54A0D2} = {B0D7D1F8-5830-4E60-9C65-7DBCC95E6D40}
		{AFC7C040-9C20-4601-B9BA-8CA795B3B96E} = {18662BB9-2740-4AF6-81C4-E5DA982515D8}
		{80B12AC2-AE51-4B3D-9B54-5FA10CCCE24D} = {3C3749AB-8270-4BD9-8E8D-B22589D7B473}
		{0D9EE90F-3AD2-4106-9514-40DA96489397} = {80B12AC2-AE51-4B3D-9B54-5FA10CCCE24D}
		{80EB3659-3BE0-4231-8E6F-CE1E0C920ECE} = {3C3749AB-8270-4BD9-8E8D-B22589D7B473}
		{6F3CE97B-A766-4C83-ACE4-61CD8A19FD9E} = {80EB3659-3BE0-4231-8E6F-CE1E0C920ECE}
		{294D135B-1649-4B51-A42D-02C7C885F000} = {3C3749AB-8270-4BD9-8E8D-B22589D7B473}
		{583FC087-FF5C-4B83-84D8-2F4403309311} = {294D135B-1649-4B51-A42D-02C7C885F000}
		{3E4855F8-61E1-4787-A203-F70BA880F4E6} = {294D135B-1649-4B51-A42D-02C7C885F000}
		{5C51671B-3691-436A-97C9-D93AE6DD0841} = {294D135B-1649-4B51-A42D-02C7C885F000}
		{626E4D73-642F-4780-8216-BC4F9291D09E} = {294D135B-1649-4B51-A42D-02C7C885F000}
	EndGlobalSection
EndGlobal
