
Microsoft Visual Studio Solution File, Format Version 12.00
# Visual Studio Version 17
VisualStudioVersion = 17.12.35707.178
MinimumVisualStudioVersion = 10.0.40219.1
Project("{2150E333-8FDC-42A3-9474-1A3956D46DE8}") = "Services", "Services", "{3C3749AB-8270-4BD9-8E8D-B22589D7B473}"
EndProject
Project("{2150E333-8FDC-42A3-9474-1A3956D46DE8}") = "Catalog", "Catalog", "{B0D7D1F8-5830-4E60-9C65-7DBCC95E6D40}"
EndProject
Project("{FAE04EC0-301F-11D3-BF4B-00C04F79EFBC}") = "Catalog.API", "Services\Catalog\Catalog.API\Catalog.API.csproj", "{1986804A-B56D-457D-9D3B-23D9FD54A0D2}"
EndProject
Project("{2150E333-8FDC-42A3-9474-1A3956D46DE8}") = "BuildingBlocks", "BuildingBlocks", "{18662BB9-2740-4AF6-81C4-E5DA982515D8}"
EndProject
Project("{FAE04EC0-301F-11D3-BF4B-00C04F79EFBC}") = "BuildBlocks", "BuildBlocks\BuildBlocks\BuildBlocks.csproj", "{AFC7C040-9C20-4601-B9BA-8CA795B3B96E}"
EndProject
Project("{E53339B2-1760-4266-BCC7-CA923CBCF16C}") = "docker-compose", "docker-compose.dcproj", "{1F2A06A6-A1CD-4410-9887-907F59E9860F}"
EndProject
Global
	GlobalSection(SolutionConfigurationPlatforms) = preSolution
		Debug|Any CPU = Debug|Any CPU
		Release|Any CPU = Release|Any CPU
	EndGlobalSection
	GlobalSection(ProjectConfigurationPlatforms) = postSolution
		{1986804A-B56D-457D-9D3B-23D9FD54A0D2}.Debug|Any CPU.ActiveCfg = Debug|Any CPU
		{1986804A-B56D-457D-9D3B-23D9FD54A0D2}.Debug|Any CPU.Build.0 = Debug|Any CPU
		{1986804A-B56D-457D-9D3B-23D9FD54A0D2}.Release|Any CPU.ActiveCfg = Release|Any CPU
		{1986804A-B56D-457D-9D3B-23D9FD54A0D2}.Release|Any CPU.Build.0 = Release|Any CPU
		{AFC7C040-9C20-4601-B9BA-8CA795B3B96E}.Debug|Any CPU.ActiveCfg = Debug|Any CPU
		{AFC7C040-9C20-4601-B9BA-8CA795B3B96E}.Debug|Any CPU.Build.0 = Debug|Any CPU
		{AFC7C040-9C20-4601-B9BA-8CA795B3B96E}.Release|Any CPU.ActiveCfg = Release|Any CPU
		{AFC7C040-9C20-4601-B9BA-8CA795B3B96E}.Release|Any CPU.Build.0 = Release|Any CPU
		{1F2A06A6-A1CD-4410-9887-907F59E9860F}.Debug|Any CPU.ActiveCfg = Debug|Any CPU
		{1F2A06A6-A1CD-4410-9887-907F59E9860F}.Debug|Any CPU.Build.0 = Debug|Any CPU
		{1F2A06A6-A1CD-4410-9887-907F59E9860F}.Release|Any CPU.ActiveCfg = Release|Any CPU
		{1F2A06A6-A1CD-4410-9887-907F59E9860F}.Release|Any CPU.Build.0 = Release|Any CPU
	EndGlobalSection
	GlobalSection(SolutionProperties) = preSolution
		HideSolutionNode = FALSE
	EndGlobalSection
	GlobalSection(NestedProjects) = preSolution
		{B0D7D1F8-5830-4E60-9C65-7DBCC95E6D40} = {3C3749AB-8270-4BD9-8E8D-B22589D7B473}
		{1986804A-B56D-457D-9D3B-23D9FD54A0D2} = {B0D7D1F8-5830-4E60-9C65-7DBCC95E6D40}
		{AFC7C040-9C20-4601-B9BA-8CA795B3B96E} = {18662BB9-2740-4AF6-81C4-E5DA982515D8}
	EndGlobalSection
EndGlobal
