
Microsoft Visual Studio Solution File, Format Version 12.00
# Visual Studio Version 17
VisualStudioVersion = 17.12.35707.178
MinimumVisualStudioVersion = 10.0.40219.1
Project("{2150E333-8FDC-42A3-9474-1A3956D46DE8}") = "Services", "Services", "{3C3749AB-8270-4BD9-8E8D-B22589D7B473}"
EndProject
Project("{2150E333-8FDC-42A3-9474-1A3956D46DE8}") = "Catalog", "Catalog", "{B0D7D1F8-5830-4E60-9C65-7DBCC95E6D40}"
EndProject
Project("{FAE04EC0-301F-11D3-BF4B-00C04F79EFBC}") = "Catalog.API", "Services\Catalog\Catalog.API\Catalog.API.csproj", "{1986804A-B56D-457D-9D3B-23D9FD54A0D2}"
EndProject
Project("{2150E333-8FDC-42A3-9474-1A3956D46DE8}") = "BuildingBlocks", "BuildingBlocks", "{18662BB9-2740-4AF6-81C4-E5DA982515D8}"
EndProject
Project("{FAE04EC0-301F-11D3-BF4B-00C04F79EFBC}") = "BuildBlocks", "BuildBlocks\BuildBlocks\BuildBlocks.csproj", "{AFC7C040-9C20-4601-B9BA-8CA795B3B96E}"
EndProject
Project("{E53339B2-1760-4266-BCC7-CA923CBCF16C}") = "docker-compose", "docker-compose.dcproj", "{289241D3-A75B-4B04-A391-B4329321048D}"
EndProject
Project("{2150E333-8FDC-42A3-9474-1A3956D46DE8}") = "Basket", "Basket", "{80B12AC2-AE51-4B3D-9B54-5FA10CCCE24D}"
EndProject
Project("{FAE04EC0-301F-11D3-BF4B-00C04F79EFBC}") = "Basket.API", "Services\Basket\Basket.API\Basket.API.csproj", "{0D9EE90F-3AD2-4106-9514-40DA96489397}"
EndProject
Global
	GlobalSection(SolutionConfigurationPlatforms) = preSolution
		Debug|Any CPU = Debug|Any CPU
		Release|Any CPU = Release|Any CPU
	EndGlobalSection
	GlobalSection(ProjectConfigurationPlatforms) = postSolution
		{1986804A-B56D-457D-9D3B-23D9FD54A0D2}.Debug|Any CPU.ActiveCfg = Debug|Any CPU
		{1986804A-B56D-457D-9D3B-23D9FD54A0D2}.Debug|Any CPU.Build.0 = Debug|Any CPU
		{1986804A-B56D-457D-9D3B-23D9FD54A0D2}.Release|Any CPU.ActiveCfg = Release|Any CPU
		{1986804A-B56D-457D-9D3B-23D9FD54A0D2}.Release|Any CPU.Build.0 = Release|Any CPU
		{AFC7C040-9C20-4601-B9BA-8CA795B3B96E}.Debug|Any CPU.ActiveCfg = Debug|Any CPU
		{AFC7C040-9C20-4601-B9BA-8CA795B3B96E}.Debug|Any CPU.Build.0 = Debug|Any CPU
		{AFC7C040-9C20-4601-B9BA-8CA795B3B96E}.Release|Any CPU.ActiveCfg = Release|Any CPU
		{AFC7C040-9C20-4601-B9BA-8CA795B3B96E}.Release|Any CPU.Build.0 = Release|Any CPU
		{289241D3-A75B-4B04-A391-B4329321048D}.Debug|Any CPU.ActiveCfg = Debug|Any CPU
		{289241D3-A75B-4B04-A391-B4329321048D}.Debug|Any CPU.Build.0 = Debug|Any CPU
		{289241D3-A75B-4B04-A391-B4329321048D}.Release|Any CPU.ActiveCfg = Release|Any CPU
		{289241D3-A75B-4B04-A391-B4329321048D}.Release|Any CPU.Build.0 = Release|Any CPU
		{0D9EE90F-3AD2-4106-9514-40DA96489397}.Debug|Any CPU.ActiveCfg = Debug|Any CPU
		{0D9EE90F-3AD2-4106-9514-40DA96489397}.Debug|Any CPU.Build.0 = Debug|Any CPU
		{0D9EE90F-3AD2-4106-9514-40DA96489397}.Release|Any CPU.ActiveCfg = Release|Any CPU
		{0D9EE90F-3AD2-4106-9514-40DA96489397}.Release|Any CPU.Build.0 = Release|Any CPU
	EndGlobalSection
	GlobalSection(SolutionProperties) = preSolution
		HideSolutionNode = FALSE
	EndGlobalSection
	GlobalSection(NestedProjects) = preSolution
		{B0D7D1F8-5830-4E60-9C65-7DBCC95E6D40} = {3C3749AB-8270-4BD9-8E8D-B22589D7B473}
		{1986804A-B56D-457D-9D3B-23D9FD54A0D2} = {B0D7D1F8-5830-4E60-9C65-7DBCC95E6D40}
		{AFC7C040-9C20-4601-B9BA-8CA795B3B96E} = {18662BB9-2740-4AF6-81C4-E5DA982515D8}
		{80B12AC2-AE51-4B3D-9B54-5FA10CCCE24D} = {3C3749AB-8270-4BD9-8E8D-B22589D7B473}
		{0D9EE90F-3AD2-4106-9514-40DA96489397} = {80B12AC2-AE51-4B3D-9B54-5FA10CCCE24D}
	EndGlobalSection
EndGlobal
